{
  "nodes": {
    "advisory-db": {
      "flake": false,
      "locked": {
        "lastModified": 1769751671,
        "narHash": "sha256-Pn4TZ+b+xQ9arFvnTmXCltyVsq5OynAm9v5pRCOyjVg=",
        "owner": "rustsec",
        "repo": "advisory-db",
        "rev": "edfd9d41f20526aa7aea01ab374d0dac1626cdb6",
        "type": "github"
      },
      "original": {
        "owner": "rustsec",
        "repo": "advisory-db",
        "type": "github"
      }
    },
    "crane": {
      "locked": {
        "lastModified": 1779130139,
        "narHash": "sha256-BLrtr42azquO7MdGFU5a7KiMl3YpFlTeIXqy1fT5GlQ=",
        "owner": "ipetkov",
        "repo": "crane",
        "rev": "edb38893982a3338972bb4a2ec7ce7c29ba10fd9",
        "type": "github"
      },
      "original": {
        "owner": "ipetkov",
        "repo": "crane",
        "type": "github"
      }
    },
    "dnscrypt-settings": {
      "flake": false,
      "locked": {
        "lastModified": 1723218826,
        "narHash": "sha256-YuJ1n9ObvUmM1jrbV9YPcghvgvYJMarv/m0OGTk9lAA=",
        "owner": "quad9dns",
        "repo": "dnscrypt-settings",
        "rev": "4aaff82a48388e4bd312f3850e1aa63816da6708",
        "type": "github"
      },
      "original": {
        "owner": "quad9dns",
        "repo": "dnscrypt-settings",
        "type": "github"
      }
    },
    "flake-compat": {
      "flake": false,
      "locked": {
        "lastModified": 1767039857,
        "narHash": "sha256-vNpUSpF5Nuw8xvDLj2KCwwksIbjua2LZCqhV1LNRDns=",
        "owner": "NixOS",
        "repo": "flake-compat",
        "rev": "5edf11c44bc78a0d334f6334cdaf7d60d732daab",
        "type": "github"
      },
      "original": {
        "owner": "NixOS",
        "repo": "flake-compat",
        "type": "github"
      }
    },
    "flake-parts": {
      "inputs": {
        "nixpkgs-lib": [
          "nixpkgs"
        ]
      },
      "locked": {
        "lastModified": 1768135262,
        "narHash": "sha256-PVvu7OqHBGWN16zSi6tEmPwwHQ4rLPU9Plvs8/1TUBY=",
        "owner": "hercules-ci",
        "repo": "flake-parts",
        "rev": "80daad04eddbbf5a4d883996a73f3f542fa437ac",
        "type": "github"
      },
      "original": {
        "owner": "hercules-ci",
        "repo": "flake-parts",
        "type": "github"
      }
    },
    "gitignore": {
      "inputs": {
        "nixpkgs": [
          "nixpkgs"
        ]
      },
      "locked": {
        "lastModified": 1709087332,
        "narHash": "sha256-HG2cCnktfHsKV0s4XW83gU3F57gaTljL9KNSuG6bnQs=",
        "owner": "hercules-ci",
        "repo": "gitignore.nix",
        "rev": "637db329424fd7e46cf4185293b9cc8c88c95394",
        "type": "github"
      },
      "original": {
        "owner": "hercules-ci",
        "repo": "gitignore.nix",
        "type": "github"
      }
    },
    "hjem": {
      "inputs": {
        "nix-darwin": [],
        "nixpkgs": [
          "nixpkgs"
        ]
      },
      "locked": {
        "lastModified": 1779575248,
        "narHash": "sha256-Zh9+WMsxDbLVWwhccXjLW+PYO/5ZyUFQLZdYydycbx8=",
        "owner": "feel-co",
        "repo": "hjem",
        "rev": "77bf113e3ce91c6632def66222198561437853dc",
        "type": "github"
      },
      "original": {
        "owner": "feel-co",
        "repo": "hjem",
        "type": "github"
      }
    },
    "microvm": {
      "inputs": {
        "nixpkgs": [
          "nixpkgs"
        ],
        "spectrum": []
      },
      "locked": {
        "lastModified": 1779641751,
        "narHash": "sha256-xSEiY1kZoCHX7bzeDe6fzwnaG9Mjd/WrJ4MEWJghI/Q=",
        "owner": "microvm-nix",
        "repo": "microvm.nix",
        "rev": "4fe5ab55ef830e4b2d82d37ef7a5aca6e7b0e5f8",
        "type": "github"
      },
      "original": {
        "owner": "microvm-nix",
        "repo": "microvm.nix",
        "type": "github"
      }
    },
    "nixexprs": {
      "locked": {
        "lastModified": 1779103368,
        "narHash": "sha256-ixBcU7iqq02dW8vX5l7OZw0oAz4sSUvQAsRMr0+WWPI=",
        "owner": "kaktu5",
        "repo": "nixexprs",
        "rev": "2e56dea465ab5b7dc85940575d50e628b3d1cad6",
        "type": "github"
      },
      "original": {
        "owner": "kaktu5",
        "repo": "nixexprs",
        "type": "github"
      }
    },
    "nixpkgs": {
      "locked": {
        "lastModified": 1779560665,
        "narHash": "sha256-tpyBcxPpcQb8ukyNF7DoCwfSY3VPsxHoYwj00Cayv5o=",
        "owner": "nixos",
        "repo": "nixpkgs",
        "rev": "64c08a7ca051951c8eae34e3e3cb1e202fe36786",
        "type": "github"
      },
      "original": {
        "owner": "nixos",
        "ref": "nixos-unstable",
        "repo": "nixpkgs",
        "type": "github"
      }
    },
    "oisd": {
      "flake": false,
      "locked": {
        "lastModified": 1779908951,
        "narHash": "sha256-tmuw1b3JLbbf7oDKWd2mGqWZz+BGCccHFwKvK60cyJI=",
        "owner": "sjhgvr",
        "repo": "oisd",
        "rev": "e49d6920d0bf5d20c65f3447f864e18d749e3df0",
        "type": "github"
      },
      "original": {
        "owner": "sjhgvr",
        "repo": "oisd",
        "type": "github"
      }
    },
    "pre-commit-hooks": {
      "inputs": {
        "flake-compat": "flake-compat",
        "gitignore": "gitignore",
        "nixpkgs": [
          "nixpkgs"
        ]
      },
      "locked": {
        "lastModified": 1778507602,
        "narHash": "sha256-kTwur1wV+01SdqskVMSo6JMEpg71ps3HpbFY2GsflKs=",
        "owner": "cachix",
        "repo": "git-hooks.nix",
        "rev": "61ab0e80d9c7ab14c256b5b453d8b3fb0189ba0a",
        "type": "github"
      },
      "original": {
        "owner": "cachix",
        "repo": "git-hooks.nix",
        "type": "github"
      }
    },
    "preservation": {
      "locked": {
        "lastModified": 1757436102,
        "narHash": "sha256-mMI9IanU+Xw+pVogD2oT0I2kTmvz2Un/Apc5+CwUpEY=",
        "owner": "nix-community",
        "repo": "preservation",
        "rev": "93416f4614ad2dfed5b0dcf12f27e57d27a5ab11",
        "type": "github"
      },
      "original": {
        "owner": "nix-community",
        "repo": "preservation",
        "type": "github"
      }
    },
    "root": {
      "inputs": {
        "crane": "crane",
        "dnscrypt-settings": "dnscrypt-settings",
        "hjem": "hjem",
        "microvm": "microvm",
        "nixexprs": "nixexprs",
        "nixpkgs": "nixpkgs",
        "oisd": "oisd",
        "preservation": "preservation",
        "stash": "stash",
        "tuigreet": "tuigreet",
        "vaultix": "vaultix"
      }
    },
    "rust-overlay": {
      "inputs": {
        "nixpkgs": [
          "tuigreet",
          "nixpkgs"
        ]
      },
      "locked": {
        "lastModified": 1778555852,
        "narHash": "sha256-55EmwooVAS4UpA0oWd5wilKPRqCiHD5BAej9QiNwheY=",
        "owner": "oxalica",
        "repo": "rust-overlay",
        "rev": "f29b0f7a9f367e0056b716f8aa137cb41e784444",
        "type": "github"
      },
      "original": {
        "owner": "oxalica",
        "repo": "rust-overlay",
        "type": "github"
      }
    },
    "rust-overlay_2": {
      "inputs": {
        "nixpkgs": [
          "nixpkgs"
        ]
      },
      "locked": {
        "lastModified": 1769915446,
        "narHash": "sha256-f1F/umtX3ZD7fF9DHSloVHc0mnAT0ry0YK2jI/6E0aI=",
        "owner": "oxalica",
        "repo": "rust-overlay",
        "rev": "bc00300f010275e46feb3c3974df6587ff7b7808",
        "type": "github"
      },
      "original": {
        "owner": "oxalica",
        "repo": "rust-overlay",
        "type": "github"
      }
    },
    "stash": {
      "inputs": {
        "crane": [
          "crane"
        ],
        "nixpkgs": [
          "nixpkgs"
        ]
      },
      "locked": {
        "lastModified": 1779767053,
        "narHash": "sha256-erOm0zoKy8S4z2xTb8m+xTKKKukzHyQLThL6PePhFLI=",
        "owner": "notashelf",
        "repo": "stash",
        "rev": "4479cdb1bc147f9eb19e9e2e0f92fb7268ba3b0d",
        "type": "github"
      },
      "original": {
        "owner": "notashelf",
        "repo": "stash",
        "type": "github"
      }
    },
    "tuigreet": {
      "inputs": {
        "crane": [
          "crane"
        ],
        "nixpkgs": [
          "nixpkgs"
        ],
        "rust-overlay": "rust-overlay"
      },
      "locked": {
        "lastModified": 1779222498,
        "narHash": "sha256-LGIZ5xrJN3Ko0OxOTSDztoFYiIBMBgzQrLpXfNWx/RI=",
        "owner": "notashelf",
        "repo": "tuigreet",
        "rev": "605c0a107406f3187632c74fcc67ed03acd30200",
        "type": "github"
      },
      "original": {
        "owner": "notashelf",
        "repo": "tuigreet",
        "type": "github"
      }
    },
    "vaultix": {
      "inputs": {
        "advisory-db": "advisory-db",
        "crane": [
          "crane"
        ],
        "flake-parts": "flake-parts",
        "nixpkgs": [
          "nixpkgs"
        ],
        "pre-commit-hooks": "pre-commit-hooks",
        "rust-overlay": "rust-overlay_2"
      },
      "locked": {
        "lastModified": 1770047974,
        "narHash": "sha256-86v8VZw+r4N/yLMlSSgsfQl+5fZ4YBtirp1WvipYKUw=",
        "owner": "milieuim",
        "repo": "vaultix",
        "rev": "c71bedd526401a6b582fd0bcca979bc28485b81f",
        "type": "github"
      },
      "original": {
        "owner": "milieuim",
        "repo": "vaultix",
        "type": "github"
      }
    }
  },
  "root": "root",
  "version": 7
}
