{
  "nodes": {
    "advisory-db": {
      "flake": false,
      "locked": {
        "lastModified": 1769751671,
        "narHash": "sha256-Pn4TZ+b+xQ9arFvnTmXCltyVsq5OynAm9v5pRCOyjVg=",
        "owner": "rustsec",
        "repo": "advisory-db",
        "rev": "edfd9d41f20526aa7aea01ab374d0dac1626cdb6",
        "type": "github"
      },
      "original": {
        "owner": "rustsec",
        "repo": "advisory-db",
        "type": "github"
      }
    },
    "crane": {
      "locked": {
        "lastModified": 1778106249,
        "narHash": "sha256-cM/AuKy5tMhwOOQIbha8ZRRMHVfNf7cv2aljIw+qoCg=",
        "owner": "ipetkov",
        "repo": "crane",
        "rev": "6d015ea29630b7ad2402841386da2cb617a470a7",
        "type": "github"
      },
      "original": {
        "owner": "ipetkov",
        "repo": "crane",
        "type": "github"
      }
    },
    "dnscrypt-settings": {
      "flake": false,
      "locked": {
        "lastModified": 1723218826,
        "narHash": "sha256-YuJ1n9ObvUmM1jrbV9YPcghvgvYJMarv/m0OGTk9lAA=",
        "owner": "quad9dns",
        "repo": "dnscrypt-settings",
        "rev": "4aaff82a48388e4bd312f3850e1aa63816da6708",
        "type": "github"
      },
      "original": {
        "owner": "quad9dns",
        "repo": "dnscrypt-settings",
        "type": "github"
      }
    },
    "flake-compat": {
      "flake": false,
      "locked": {
        "lastModified": 1767039857,
        "narHash": "sha256-vNpUSpF5Nuw8xvDLj2KCwwksIbjua2LZCqhV1LNRDns=",
        "owner": "NixOS",
        "repo": "flake-compat",
        "rev": "5edf11c44bc78a0d334f6334cdaf7d60d732daab",
        "type": "github"
      },
      "original": {
        "owner": "NixOS",
        "repo": "flake-compat",
        "type": "github"
      }
    },
    "flake-parts": {
      "inputs": {
        "nixpkgs-lib": [
          "nixpkgs"
        ]
      },
      "locked": {
        "lastModified": 1768135262,
        "narHash": "sha256-PVvu7OqHBGWN16zSi6tEmPwwHQ4rLPU9Plvs8/1TUBY=",
        "owner": "hercules-ci",
        "repo": "flake-parts",
        "rev": "80daad04eddbbf5a4d883996a73f3f542fa437ac",
        "type": "github"
      },
      "original": {
        "owner": "hercules-ci",
        "repo": "flake-parts",
        "type": "github"
      }
    },
    "gitignore": {
      "inputs": {
        "nixpkgs": [
          "nixpkgs"
        ]
      },
      "locked": {
        "lastModified": 1709087332,
        "narHash": "sha256-HG2cCnktfHsKV0s4XW83gU3F57gaTljL9KNSuG6bnQs=",
        "owner": "hercules-ci",
        "repo": "gitignore.nix",
        "rev": "637db329424fd7e46cf4185293b9cc8c88c95394",
        "type": "github"
      },
      "original": {
        "owner": "hercules-ci",
        "repo": "gitignore.nix",
        "type": "github"
      }
    },
    "hjem": {
      "inputs": {
        "nix-darwin": [],
        "nixpkgs": [
          "nixpkgs"
        ]
      },
      "locked": {
        "lastModified": 1778659079,
        "narHash": "sha256-ktYBdfwamZly9P0SSrKbZgJReqcdDckgSlvJJnw39UM=",
        "owner": "feel-co",
        "repo": "hjem",
        "rev": "5e7bf117ed06ccf899bcfc421c8a6de00f825c23",
        "type": "github"
      },
      "original": {
        "owner": "feel-co",
        "repo": "hjem",
        "type": "github"
      }
    },
    "microvm": {
      "inputs": {
        "nixpkgs": [
          "nixpkgs"
        ],
        "spectrum": []
      },
      "locked": {
        "lastModified": 1778669912,
        "narHash": "sha256-WT2iimtOBZM/6AcZeBoJU2EgUSaywtlItsEgNkZBda0=",
        "owner": "microvm-nix",
        "repo": "microvm.nix",
        "rev": "a7a7009064cec75d9da652c6723412ce27b9bc44",
        "type": "github"
      },
      "original": {
        "owner": "microvm-nix",
        "repo": "microvm.nix",
        "type": "github"
      }
    },
    "nixexprs": {
      "inputs": {
        "systems": [
          "systems"
        ]
      },
      "locked": {
        "lastModified": 1775924692,
        "narHash": "sha256-nq24ST9D39NCMkb7Z4AB1QIw5kjDLeubOzgzczRgB8k=",
        "owner": "kaktu5",
        "repo": "nixexprs",
        "rev": "aa2977c7008123f6ad066cda5d10360e67019378",
        "type": "github"
      },
      "original": {
        "owner": "kaktu5",
        "repo": "nixexprs",
        "type": "github"
      }
    },
    "nixpkgs": {
      "locked": {
        "lastModified": 1778869304,
        "narHash": "sha256-30sZNZoA1cqF5JNO9fVX+wgiQYjB7HJqqJ4ztCDeBZE=",
        "owner": "nixos",
        "repo": "nixpkgs",
        "rev": "d233902339c02a9c334e7e593de68855ad26c4cb",
        "type": "github"
      },
      "original": {
        "owner": "nixos",
        "ref": "nixos-unstable",
        "repo": "nixpkgs",
        "type": "github"
      }
    },
    "oisd": {
      "flake": false,
      "locked": {
        "lastModified": 1778940587,
        "narHash": "sha256-O4bCb6VqiXHsbM1qg+FHuWKz09thvo3+WUGhCqFrE1g=",
        "owner": "sjhgvr",
        "repo": "oisd",
        "rev": "7bd0df61dfb9ffc2d19d7559f4e7d402fa6aedde",
        "type": "github"
      },
      "original": {
        "owner": "sjhgvr",
        "repo": "oisd",
        "type": "github"
      }
    },
    "pre-commit-hooks": {
      "inputs": {
        "flake-compat": "flake-compat",
        "gitignore": "gitignore",
        "nixpkgs": [
          "nixpkgs"
        ]
      },
      "locked": {
        "lastModified": 1778507602,
        "narHash": "sha256-kTwur1wV+01SdqskVMSo6JMEpg71ps3HpbFY2GsflKs=",
        "owner": "cachix",
        "repo": "git-hooks.nix",
        "rev": "61ab0e80d9c7ab14c256b5b453d8b3fb0189ba0a",
        "type": "github"
      },
      "original": {
        "owner": "cachix",
        "repo": "git-hooks.nix",
        "type": "github"
      }
    },
    "preservation": {
      "locked": {
        "lastModified": 1757436102,
        "narHash": "sha256-mMI9IanU+Xw+pVogD2oT0I2kTmvz2Un/Apc5+CwUpEY=",
        "owner": "nix-community",
        "repo": "preservation",
        "rev": "93416f4614ad2dfed5b0dcf12f27e57d27a5ab11",
        "type": "github"
      },
      "original": {
        "owner": "nix-community",
        "repo": "preservation",
        "type": "github"
      }
    },
    "root": {
      "inputs": {
        "crane": "crane",
        "dnscrypt-settings": "dnscrypt-settings",
        "hjem": "hjem",
        "microvm": "microvm",
        "nixexprs": "nixexprs",
        "nixpkgs": "nixpkgs",
        "oisd": "oisd",
        "preservation": "preservation",
        "stash": "stash",
        "systems": "systems",
        "tuigreet": "tuigreet",
        "vaultix": "vaultix"
      }
    },
    "rust-overlay": {
      "inputs": {
        "nixpkgs": [
          "tuigreet",
          "nixpkgs"
        ]
      },
      "locked": {
        "lastModified": 1778555852,
        "narHash": "sha256-55EmwooVAS4UpA0oWd5wilKPRqCiHD5BAej9QiNwheY=",
        "owner": "oxalica",
        "repo": "rust-overlay",
        "rev": "f29b0f7a9f367e0056b716f8aa137cb41e784444",
        "type": "github"
      },
      "original": {
        "owner": "oxalica",
        "repo": "rust-overlay",
        "type": "github"
      }
    },
    "rust-overlay_2": {
      "inputs": {
        "nixpkgs": [
          "nixpkgs"
        ]
      },
      "locked": {
        "lastModified": 1769915446,
        "narHash": "sha256-f1F/umtX3ZD7fF9DHSloVHc0mnAT0ry0YK2jI/6E0aI=",
        "owner": "oxalica",
        "repo": "rust-overlay",
        "rev": "bc00300f010275e46feb3c3974df6587ff7b7808",
        "type": "github"
      },
      "original": {
        "owner": "oxalica",
        "repo": "rust-overlay",
        "type": "github"
      }
    },
    "stash": {
      "inputs": {
        "crane": [
          "crane"
        ],
        "nixpkgs": [
          "nixpkgs"
        ]
      },
      "locked": {
        "lastModified": 1778772168,
        "narHash": "sha256-Fgvd+4EC59N9UmmFvhYcILxe9nms1el25goZpyXX+Lg=",
        "owner": "notashelf",
        "repo": "stash",
        "rev": "c1ca18e332d5e2915e4d7ea25b8779e6a4f979df",
        "type": "github"
      },
      "original": {
        "owner": "notashelf",
        "repo": "stash",
        "type": "github"
      }
    },
    "systems": {
      "flake": false,
      "locked": {
        "lastModified": 1689347949,
        "narHash": "sha256-12tWmuL2zgBgZkdoB6qXZsgJEH9LR3oUgpaQq2RbI80=",
        "owner": "nix-systems",
        "repo": "default-linux",
        "rev": "31732fcf5e8fea42e59c2488ad31a0e651500f68",
        "type": "github"
      },
      "original": {
        "owner": "nix-systems",
        "repo": "default-linux",
        "type": "github"
      }
    },
    "tuigreet": {
      "inputs": {
        "crane": [
          "crane"
        ],
        "nixpkgs": [
          "nixpkgs"
        ],
        "rust-overlay": "rust-overlay"
      },
      "locked": {
        "lastModified": 1778842706,
        "narHash": "sha256-clofLNZWBununCewLVQr86TpVgI/oeAWuIZpE28R1RY=",
        "owner": "notashelf",
        "repo": "tuigreet",
        "rev": "8e77e88b3d08298e3a369e4a8ebf574ea5d49679",
        "type": "github"
      },
      "original": {
        "owner": "notashelf",
        "repo": "tuigreet",
        "type": "github"
      }
    },
    "vaultix": {
      "inputs": {
        "advisory-db": "advisory-db",
        "crane": [
          "crane"
        ],
        "flake-parts": "flake-parts",
        "nixpkgs": [
          "nixpkgs"
        ],
        "pre-commit-hooks": "pre-commit-hooks",
        "rust-overlay": "rust-overlay_2"
      },
      "locked": {
        "lastModified": 1770047974,
        "narHash": "sha256-86v8VZw+r4N/yLMlSSgsfQl+5fZ4YBtirp1WvipYKUw=",
        "owner": "milieuim",
        "repo": "vaultix",
        "rev": "c71bedd526401a6b582fd0bcca979bc28485b81f",
        "type": "github"
      },
      "original": {
        "owner": "milieuim",
        "repo": "vaultix",
        "type": "github"
      }
    }
  },
  "root": "root",
  "version": 7
}
